langcode: en
status: true
dependencies:
  config:
    - views.view.products_listing_page
  module:
    - system
    - views
  theme:
    - srijan_devportal_theme
id: views_block__products_listing_block
theme: srijan_devportal_theme
region: content
weight: -6
provider: null
plugin: 'views_block:products_listing_page-product_listing'
settings:
  id: 'views_block:products_listing_page-product_listing'
  label: 'API Products'
  provider: views
  label_display: visible
  views_label: 'API Products'
  items_per_page: none
visibility:
  request_path:
    id: request_path
    pages: "<front>\r\n/user/1"
    negate: false
    context_mapping: {  }
